
Microsoft Visual Studio Solution File, Format Version 12.00
# Visual Studio Version 17
VisualStudioVersion = 17.3.32819.101
MinimumVisualStudioVersion = 10.0.40219.1
Project("{FAE04EC0-301F-11D3-BF4B-00C04F79EFBC}") = "PDFSplitter", "PDFSplitter.csproj", "{30604E11-B79F-4A75-B6E5-A872E383FE03}"
EndProject
Global
	GlobalSection(SolutionConfigurationPlatforms) = preSolution
		Debug|Any CPU = Debug|Any CPU
		Release|Any CPU = Release|Any CPU
	EndGlobalSection
	GlobalSection(ProjectConfigurationPlatforms) = postSolution
		{30604E11-B79F-4A75-B6E5-A872E383FE03}.Debug|Any CPU.ActiveCfg = Debug|Any CPU
		{30604E11-B79F-4A75-B6E5-A872E383FE03}.Debug|Any CPU.Build.0 = Debug|Any CPU
		{30604E11-B79F-4A75-B6E5-A872E383FE03}.Release|Any CPU.ActiveCfg = Release|Any CPU
		{30604E11-B79F-4A75-B6E5-A872E383FE03}.Release|Any CPU.Build.0 = Release|Any CPU
	EndGlobalSection
	GlobalSection(SolutionProperties) = preSolution
		HideSolutionNode = FALSE
	EndGlobalSection
	GlobalSection(ExtensibilityGlobals) = postSolution
		SolutionGuid = {2EF87CB4-3C7C-4FB2-B817-127F09CAD9B2}
	EndGlobalSection
EndGlobal
